
Microsoft Visual Studio Solution File, Format Version 12.00
# Visual Studio Version 17
VisualStudioVersion = 17.8.34316.72
MinimumVisualStudioVersion = 10.0.40219.1
Project("{8BC9CEB8-8B4A-11D0-8D11-00A0C91BC942}") = "LaboratorOOP6", "LaboratorOOP6.vcxproj", "{C0AA0793-51A8-4676-9C23-26B28C7C3D96}"
EndProject
Global
	GlobalSection(SolutionConfigurationPlatforms) = preSolution
		Debug|x64 = Debug|x64
		Debug|x86 = Debug|x86
		Release|x64 = Release|x64
		Release|x86 = Release|x86
	EndGlobalSection
	GlobalSection(ProjectConfigurationPlatforms) = postSolution
		{C0AA0793-51A8-4676-9C23-26B28C7C3D96}.Debug|x64.ActiveCfg = Debug|x64
		{C0AA0793-51A8-4676-9C23-26B28C7C3D96}.Debug|x64.Build.0 = Debug|x64
		{C0AA0793-51A8-4676-9C23-26B28C7C3D96}.Debug|x86.ActiveCfg = Debug|Win32
		{C0AA0793-51A8-4676-9C23-26B28C7C3D96}.Debug|x86.Build.0 = Debug|Win32
		{C0AA0793-51A8-4676-9C23-26B28C7C3D96}.Release|x64.ActiveCfg = Release|x64
		{C0AA0793-51A8-4676-9C23-26B28C7C3D96}.Release|x64.Build.0 = Release|x64
		{C0AA0793-51A8-4676-9C23-26B28C7C3D96}.Release|x86.ActiveCfg = Release|Win32
		{C0AA0793-51A8-4676-9C23-26B28C7C3D96}.Release|x86.Build.0 = Release|Win32
	EndGlobalSection
	GlobalSection(SolutionProperties) = preSolution
		HideSolutionNode = FALSE
	EndGlobalSection
	GlobalSection(ExtensibilityGlobals) = postSolution
		SolutionGuid = {04AE1E2F-8B0F-4AF6-8A19-5045CB3375B5}
	EndGlobalSection
EndGlobal
