
Microsoft Visual Studio Solution File, Format Version 12.00
# Visual Studio Version 17
VisualStudioVersion = 17.8.34316.72
MinimumVisualStudioVersion = 10.0.40219.1
Project("{8BC9CEB8-8B4A-11D0-8D11-00A0C91BC942}") = "AntrenamentExamen2.1", "AntrenamentExamen2.1.vcxproj", "{5656DA10-C4E2-44C7-954D-45D3E675CFB6}"
EndProject
Global
	GlobalSection(SolutionConfigurationPlatforms) = preSolution
		Debug|x64 = Debug|x64
		Debug|x86 = Debug|x86
		Release|x64 = Release|x64
		Release|x86 = Release|x86
	EndGlobalSection
	GlobalSection(ProjectConfigurationPlatforms) = postSolution
		{5656DA10-C4E2-44C7-954D-45D3E675CFB6}.Debug|x64.ActiveCfg = Debug|x64
		{5656DA10-C4E2-44C7-954D-45D3E675CFB6}.Debug|x64.Build.0 = Debug|x64
		{5656DA10-C4E2-44C7-954D-45D3E675CFB6}.Debug|x86.ActiveCfg = Debug|Win32
		{5656DA10-C4E2-44C7-954D-45D3E675CFB6}.Debug|x86.Build.0 = Debug|Win32
		{5656DA10-C4E2-44C7-954D-45D3E675CFB6}.Release|x64.ActiveCfg = Release|x64
		{5656DA10-C4E2-44C7-954D-45D3E675CFB6}.Release|x64.Build.0 = Release|x64
		{5656DA10-C4E2-44C7-954D-45D3E675CFB6}.Release|x86.ActiveCfg = Release|Win32
		{5656DA10-C4E2-44C7-954D-45D3E675CFB6}.Release|x86.Build.0 = Release|Win32
	EndGlobalSection
	GlobalSection(SolutionProperties) = preSolution
		HideSolutionNode = FALSE
	EndGlobalSection
	GlobalSection(ExtensibilityGlobals) = postSolution
		SolutionGuid = {54F982DE-586F-463F-918E-5656FC782A03}
	EndGlobalSection
EndGlobal
